
Microsoft Visual Studio Solution File, Format Version 12.00
Project("{FAE04EC0-301F-11D3-BF4B-00C04F79EFBC}") = "App", "App\App.csproj", "{4B48D4BC-48ED-4551-9551-72FA691F4885}"
EndProject
Project("{2150E333-8FDC-42A3-9474-1A3956D46DE8}") = "App", "App", "{11F9C158-2B49-444B-B062-B5F2D5BA776B}"
EndProject
Project("{2150E333-8FDC-42A3-9474-1A3956D46DE8}") = "Platforms", "Platforms", "{510C76FD-A1B9-448C-8294-605B0EBF1136}"
EndProject
Project("{2150E333-8FDC-42A3-9474-1A3956D46DE8}") = "Desktop", "Desktop", "{BBB5D2FA-2316-4B3D-92CE-0165284B623A}"
EndProject
Project("{2150E333-8FDC-42A3-9474-1A3956D46DE8}") = "Mobile", "Mobile", "{E921D92A-01F2-4832-A592-27AD56FE3715}"
EndProject
Project("{FAE04EC0-301F-11D3-BF4B-00C04F79EFBC}") = "Windows", "Platforms\Desktop\Windows\Windows.csproj", "{E3214B03-53A5-47FE-B0E9-50CB2BD6194C}"
EndProject
Project("{FAE04EC0-301F-11D3-BF4B-00C04F79EFBC}") = "Linux", "Platforms\Desktop\Linux\Linux.csproj", "{A515714D-4219-4195-BD99-6C73977E9167}"
EndProject
Project("{FAE04EC0-301F-11D3-BF4B-00C04F79EFBC}") = "MacOS", "Platforms\Desktop\MacOS\MacOS.csproj", "{0857E88F-6977-49D7-9F3B-4DA5BFA29EAF}"
EndProject
Project("{FAE04EC0-301F-11D3-BF4B-00C04F79EFBC}") = "Android", "Platforms\Mobile\Android\Android.csproj", "{5A3755BA-EAE6-482B-A3EA-1E978C55C4D4}"
EndProject
Project("{FAE04EC0-301F-11D3-BF4B-00C04F79EFBC}") = "IOS", "Platforms\Mobile\IOS\IOS.csproj", "{3ED3B064-2F95-4100-B9F9-3F5B100C6F74}"
EndProject
Project("{2150E333-8FDC-42A3-9474-1A3956D46DE8}") = "Web", "Web", "{AE0698F1-F65E-424E-B29E-9253F2862FBF}"
EndProject
Project("{FAE04EC0-301F-11D3-BF4B-00C04F79EFBC}") = "Web", "Platforms\Web\Web.csproj", "{8835A4A8-EB86-485F-9DDF-E87EF3EF160C}"
EndProject
Global
	GlobalSection(SolutionConfigurationPlatforms) = preSolution
		Debug|Any CPU = Debug|Any CPU
		Release|Any CPU = Release|Any CPU
	EndGlobalSection
	GlobalSection(ProjectConfigurationPlatforms) = postSolution
		{4B48D4BC-48ED-4551-9551-72FA691F4885}.Debug|Any CPU.ActiveCfg = Debug|Any CPU
		{4B48D4BC-48ED-4551-9551-72FA691F4885}.Debug|Any CPU.Build.0 = Debug|Any CPU
		{4B48D4BC-48ED-4551-9551-72FA691F4885}.Release|Any CPU.ActiveCfg = Release|Any CPU
		{4B48D4BC-48ED-4551-9551-72FA691F4885}.Release|Any CPU.Build.0 = Release|Any CPU
		{E3214B03-53A5-47FE-B0E9-50CB2BD6194C}.Debug|Any CPU.ActiveCfg = Debug|Any CPU
		{E3214B03-53A5-47FE-B0E9-50CB2BD6194C}.Debug|Any CPU.Build.0 = Debug|Any CPU
		{E3214B03-53A5-47FE-B0E9-50CB2BD6194C}.Release|Any CPU.ActiveCfg = Release|Any CPU
		{E3214B03-53A5-47FE-B0E9-50CB2BD6194C}.Release|Any CPU.Build.0 = Release|Any CPU
		{A515714D-4219-4195-BD99-6C73977E9167}.Debug|Any CPU.ActiveCfg = Debug|Any CPU
		{A515714D-4219-4195-BD99-6C73977E9167}.Debug|Any CPU.Build.0 = Debug|Any CPU
		{A515714D-4219-4195-BD99-6C73977E9167}.Release|Any CPU.ActiveCfg = Release|Any CPU
		{A515714D-4219-4195-BD99-6C73977E9167}.Release|Any CPU.Build.0 = Release|Any CPU
		{0857E88F-6977-49D7-9F3B-4DA5BFA29EAF}.Debug|Any CPU.ActiveCfg = Debug|Any CPU
		{0857E88F-6977-49D7-9F3B-4DA5BFA29EAF}.Debug|Any CPU.Build.0 = Debug|Any CPU
		{0857E88F-6977-49D7-9F3B-4DA5BFA29EAF}.Release|Any CPU.ActiveCfg = Release|Any CPU
		{0857E88F-6977-49D7-9F3B-4DA5BFA29EAF}.Release|Any CPU.Build.0 = Release|Any CPU
		{5A3755BA-EAE6-482B-A3EA-1E978C55C4D4}.Debug|Any CPU.ActiveCfg = Debug|Any CPU
		{5A3755BA-EAE6-482B-A3EA-1E978C55C4D4}.Debug|Any CPU.Build.0 = Debug|Any CPU
		{5A3755BA-EAE6-482B-A3EA-1E978C55C4D4}.Release|Any CPU.ActiveCfg = Release|Any CPU
		{5A3755BA-EAE6-482B-A3EA-1E978C55C4D4}.Release|Any CPU.Build.0 = Release|Any CPU
		{3ED3B064-2F95-4100-B9F9-3F5B100C6F74}.Debug|Any CPU.ActiveCfg = Debug|Any CPU
		{3ED3B064-2F95-4100-B9F9-3F5B100C6F74}.Debug|Any CPU.Build.0 = Debug|Any CPU
		{3ED3B064-2F95-4100-B9F9-3F5B100C6F74}.Release|Any CPU.ActiveCfg = Release|Any CPU
		{3ED3B064-2F95-4100-B9F9-3F5B100C6F74}.Release|Any CPU.Build.0 = Release|Any CPU
		{8835A4A8-EB86-485F-9DDF-E87EF3EF160C}.Debug|Any CPU.ActiveCfg = Debug|Any CPU
		{8835A4A8-EB86-485F-9DDF-E87EF3EF160C}.Debug|Any CPU.Build.0 = Debug|Any CPU
		{8835A4A8-EB86-485F-9DDF-E87EF3EF160C}.Release|Any CPU.ActiveCfg = Release|Any CPU
		{8835A4A8-EB86-485F-9DDF-E87EF3EF160C}.Release|Any CPU.Build.0 = Release|Any CPU
	EndGlobalSection
	GlobalSection(NestedProjects) = preSolution
		{4B48D4BC-48ED-4551-9551-72FA691F4885} = {11F9C158-2B49-444B-B062-B5F2D5BA776B}
		{BBB5D2FA-2316-4B3D-92CE-0165284B623A} = {510C76FD-A1B9-448C-8294-605B0EBF1136}
		{E921D92A-01F2-4832-A592-27AD56FE3715} = {510C76FD-A1B9-448C-8294-605B0EBF1136}
		{E3214B03-53A5-47FE-B0E9-50CB2BD6194C} = {BBB5D2FA-2316-4B3D-92CE-0165284B623A}
		{A515714D-4219-4195-BD99-6C73977E9167} = {BBB5D2FA-2316-4B3D-92CE-0165284B623A}
		{0857E88F-6977-49D7-9F3B-4DA5BFA29EAF} = {BBB5D2FA-2316-4B3D-92CE-0165284B623A}
		{5A3755BA-EAE6-482B-A3EA-1E978C55C4D4} = {E921D92A-01F2-4832-A592-27AD56FE3715}
		{3ED3B064-2F95-4100-B9F9-3F5B100C6F74} = {E921D92A-01F2-4832-A592-27AD56FE3715}
		{AE0698F1-F65E-424E-B29E-9253F2862FBF} = {510C76FD-A1B9-448C-8294-605B0EBF1136}
		{8835A4A8-EB86-485F-9DDF-E87EF3EF160C} = {AE0698F1-F65E-424E-B29E-9253F2862FBF}
	EndGlobalSection
EndGlobal
